
Microsoft Visual Studio Solution File, Format Version 12.00
# Visual Studio Version 17
VisualStudioVersion = 17.4.33213.308
MinimumVisualStudioVersion = 10.0.40219.1
Project("{9A19103F-16F7-4668-BE54-9A1E7A4F7556}") = "PointOfSale.Api", "PointOfSale.Api\PointOfSale.Api.csproj", "{73089C72-3A28-47DA-87F2-FC3F2CA1068D}"
EndProject
Project("{9A19103F-16F7-4668-BE54-9A1E7A4F7556}") = "PointOfSale.Domain", "PointOfSale.Domain\PointOfSale.Domain.csproj", "{80D2C2C7-1EF4-4857-BA9F-304FA1D65FCF}"
EndProject
Project("{9A19103F-16F7-4668-BE54-9A1E7A4F7556}") = "PointOfSale.Shared", "PointOfSale.Interfaces\PointOfSale.Shared.csproj", "{FFDF60A9-0825-412F-AF35-06BF124E77F3}"
EndProject
Project("{9A19103F-16F7-4668-BE54-9A1E7A4F7556}") = "PointOfSale.Infrastructure", "PointOfSale.Infrastructure\PointOfSale.Infrastructure.csproj", "{1E2F8FF0-C348-41A8-8DB6-0894D915ABB7}"
EndProject
Project("{9A19103F-16F7-4668-BE54-9A1E7A4F7556}") = "PointOfSale.Application", "PointOfSale.Application\PointOfSale.Application.csproj", "{F456B86C-3BAA-4C2D-A723-361CAB31A8E3}"
EndProject
Global
	GlobalSection(SolutionConfigurationPlatforms) = preSolution
		Debug|Any CPU = Debug|Any CPU
		Release|Any CPU = Release|Any CPU
	EndGlobalSection
	GlobalSection(ProjectConfigurationPlatforms) = postSolution
		{73089C72-3A28-47DA-87F2-FC3F2CA1068D}.Debug|Any CPU.ActiveCfg = Debug|Any CPU
		{73089C72-3A28-47DA-87F2-FC3F2CA1068D}.Debug|Any CPU.Build.0 = Debug|Any CPU
		{73089C72-3A28-47DA-87F2-FC3F2CA1068D}.Release|Any CPU.ActiveCfg = Release|Any CPU
		{73089C72-3A28-47DA-87F2-FC3F2CA1068D}.Release|Any CPU.Build.0 = Release|Any CPU
		{80D2C2C7-1EF4-4857-BA9F-304FA1D65FCF}.Debug|Any CPU.ActiveCfg = Debug|Any CPU
		{80D2C2C7-1EF4-4857-BA9F-304FA1D65FCF}.Debug|Any CPU.Build.0 = Debug|Any CPU
		{80D2C2C7-1EF4-4857-BA9F-304FA1D65FCF}.Release|Any CPU.ActiveCfg = Release|Any CPU
		{80D2C2C7-1EF4-4857-BA9F-304FA1D65FCF}.Release|Any CPU.Build.0 = Release|Any CPU
		{FFDF60A9-0825-412F-AF35-06BF124E77F3}.Debug|Any CPU.ActiveCfg = Debug|Any CPU
		{FFDF60A9-0825-412F-AF35-06BF124E77F3}.Debug|Any CPU.Build.0 = Debug|Any CPU
		{FFDF60A9-0825-412F-AF35-06BF124E77F3}.Release|Any CPU.ActiveCfg = Release|Any CPU
		{FFDF60A9-0825-412F-AF35-06BF124E77F3}.Release|Any CPU.Build.0 = Release|Any CPU
		{1E2F8FF0-C348-41A8-8DB6-0894D915ABB7}.Debug|Any CPU.ActiveCfg = Debug|Any CPU
		{1E2F8FF0-C348-41A8-8DB6-0894D915ABB7}.Debug|Any CPU.Build.0 = Debug|Any CPU
		{1E2F8FF0-C348-41A8-8DB6-0894D915ABB7}.Release|Any CPU.ActiveCfg = Release|Any CPU
		{1E2F8FF0-C348-41A8-8DB6-0894D915ABB7}.Release|Any CPU.Build.0 = Release|Any CPU
		{F456B86C-3BAA-4C2D-A723-361CAB31A8E3}.Debug|Any CPU.ActiveCfg = Debug|Any CPU
		{F456B86C-3BAA-4C2D-A723-361CAB31A8E3}.Debug|Any CPU.Build.0 = Debug|Any CPU
		{F456B86C-3BAA-4C2D-A723-361CAB31A8E3}.Release|Any CPU.ActiveCfg = Release|Any CPU
		{F456B86C-3BAA-4C2D-A723-361CAB31A8E3}.Release|Any CPU.Build.0 = Release|Any CPU
	EndGlobalSection
	GlobalSection(SolutionProperties) = preSolution
		HideSolutionNode = FALSE
	EndGlobalSection
	GlobalSection(ExtensibilityGlobals) = postSolution
		SolutionGuid = {131BB608-77C2-42CE-B376-32A5E9598A43}
	EndGlobalSection
EndGlobal
